# This file is automatically @generated by Cargo.
# It is not intended for manual editing.
version = 3

[[package]]
name = "env_plus"
version = "0.1.2"
source = "registry+https://github.com/rust-lang/crates.io-index"
checksum = "700d69062d6ac37ec5df752a4982f90da897acfcd2a6597a80563882c22d5ff9"

[[package]]
name = "folder-backer"
version = "0.1.0"
dependencies = [
 "env_plus",
]
